
Microsoft Visual Studio Solution File, Format Version 12.00
# Visual Studio Version 16
VisualStudioVersion = 16.0.30413.136
MinimumVisualStudioVersion = 10.0.40219.1
Project("{9A19103F-16F7-4668-BE54-9A1E7A4F7556}") = "C1_WriteLine", "C1_WriteLine\C1_WriteLine.csproj", "{67D6F8E9-4F42-4D07-A234-9A7888871783}"
EndProject
Project("{9A19103F-16F7-4668-BE54-9A1E7A4F7556}") = "C2_ReadLine", "C2_ReadLine\C2_ReadLine.csproj", "{3300223A-BC61-4E6C-A6E7-F6B1594DD395}"
EndProject
Project("{9A19103F-16F7-4668-BE54-9A1E7A4F7556}") = "C3_WithAClass", "C3_WithClass\C3_WithAClass.csproj", "{104DE3DE-F22C-44A2-8417-F5491A0F1C69}"
EndProject
Project("{9A19103F-16F7-4668-BE54-9A1E7A4F7556}") = "C4_WithMetods", "C4_WithMetods\C4_WithMetods.csproj", "{4351CA80-D6D7-4D31-B7F4-2E6A5A0766D5}"
EndProject
Project("{9A19103F-16F7-4668-BE54-9A1E7A4F7556}") = "C5_WithAgeCalculation", "C5_WithAgeCalculation\C5_WithAgeCalculation.csproj", "{E8D06013-AA88-4E80-8042-CF33211E26E9}"
EndProject
Project("{9A19103F-16F7-4668-BE54-9A1E7A4F7556}") = "C6_Get_Set", "C6_Get_Set\C6_Get_Set.csproj", "{EE6920CF-D097-48EE-9400-9AC499D189E9}"
EndProject
Project("{9A19103F-16F7-4668-BE54-9A1E7A4F7556}") = "C7_Get_Set_V2", "C7_Get_Set_V2\C7_Get_Set_V2.csproj", "{CBAF578F-2407-4076-B491-4B070961661B}"
EndProject
Project("{9A19103F-16F7-4668-BE54-9A1E7A4F7556}") = "C8_Arrays", "C8_Arrays\C8_Arrays.csproj", "{B130A801-6B23-46DF-AF58-404A4D675E55}"
EndProject
Project("{9A19103F-16F7-4668-BE54-9A1E7A4F7556}") = "C9_Listor", "C9_Listor\C9_Listor.csproj", "{C976D5CF-2F6C-4EEF-ADEF-2427E6E24271}"
EndProject
Project("{9A19103F-16F7-4668-BE54-9A1E7A4F7556}") = "C10_Struct", "C10_Struct\C10_Struct.csproj", "{35AB6526-EEDD-4881-8834-035C379DA9F6}"
EndProject
Project("{9A19103F-16F7-4668-BE54-9A1E7A4F7556}") = "C11_ Enum", "C11_ Enum\C11_ Enum.csproj", "{7BD81674-2035-4402-BDC0-AC5EA6907147}"
EndProject
Project("{9A19103F-16F7-4668-BE54-9A1E7A4F7556}") = "C12_Interfaces_1", "C12_Interfaces_1\C12_Interfaces_1.csproj", "{A90E0CE7-2200-4031-B687-BB3A2AC70BA5}"
EndProject
Project("{9A19103F-16F7-4668-BE54-9A1E7A4F7556}") = "C13_Interfaces_2", "C13_Interfaces_2\C13_Interfaces_2.csproj", "{0B401965-1EF3-4F8B-BC1D-3E3A7F10A4E9}"
EndProject
Project("{9A19103F-16F7-4668-BE54-9A1E7A4F7556}") = "C14_Abstract_1", "C14_Abstract_1\C14_Abstract_1.csproj", "{438D953F-647F-4073-8EF4-B66A06EB4982}"
EndProject
Project("{9A19103F-16F7-4668-BE54-9A1E7A4F7556}") = "C15_Abstract_2", "C15_Abstract_2\C15_Abstract_2.csproj", "{F32AA5EB-134F-43B7-8970-6695F10F930C}"
EndProject
Project("{FAE04EC0-301F-11D3-BF4B-00C04F79EFBC}") = "UWP1_AsyncAwait", "UWP1_AsyncAwait\UWP1_AsyncAwait.csproj", "{A4FF3950-7C85-4B82-895A-FF8A94865C94}"
EndProject
Project("{9A19103F-16F7-4668-BE54-9A1E7A4F7556}") = "C16_WorkerService", "C16_WorkerService\C16_WorkerService.csproj", "{156B91E6-30B0-4D94-870A-6A9D03FB0475}"
EndProject
Project("{FAE04EC0-301F-11D3-BF4B-00C04F79EFBC}") = "WinForm1_ContactList", "WinForm1_ContactList\WinForm1_ContactList.csproj", "{309DAB47-C215-48C2-9A33-3CD04B796E3B}"
EndProject
Project("{9A19103F-16F7-4668-BE54-9A1E7A4F7556}") = "WPF1_ContactList", "WPF1_ContactList\WPF1_ContactList.csproj", "{EE43EC0C-851D-46F1-83B5-9FBD8636FCDB}"
EndProject
Project("{9A19103F-16F7-4668-BE54-9A1E7A4F7556}") = "WPF2_Design", "WPF2_Design\WPF2_Design.csproj", "{38B2E0C3-B708-4D5F-9ACB-240ED5D18A96}"
EndProject
Project("{9A19103F-16F7-4668-BE54-9A1E7A4F7556}") = "WPF3_CustomControl", "WPF3_CustomControl\WPF3_CustomControl.csproj", "{C2EDFF82-F268-4554-9FC0-0A395960D1C1}"
EndProject
Project("{9A19103F-16F7-4668-BE54-9A1E7A4F7556}") = "MailKlient", "MailKlient\MailKlient.csproj", "{F6069DEA-868C-4C80-A14B-3138F21BA6CB}"
EndProject
Global
	GlobalSection(SolutionConfigurationPlatforms) = preSolution
		Debug|Any CPU = Debug|Any CPU
		Debug|ARM = Debug|ARM
		Debug|ARM64 = Debug|ARM64
		Debug|x64 = Debug|x64
		Debug|x86 = Debug|x86
		Release|Any CPU = Release|Any CPU
		Release|ARM = Release|ARM
		Release|ARM64 = Release|ARM64
		Release|x64 = Release|x64
		Release|x86 = Release|x86
	EndGlobalSection
	GlobalSection(ProjectConfigurationPlatforms) = postSolution
		{67D6F8E9-4F42-4D07-A234-9A7888871783}.Debug|Any CPU.ActiveCfg = Debug|Any CPU
		{67D6F8E9-4F42-4D07-A234-9A7888871783}.Debug|Any CPU.Build.0 = Debug|Any CPU
		{67D6F8E9-4F42-4D07-A234-9A7888871783}.Debug|ARM.ActiveCfg = Debug|Any CPU
		{67D6F8E9-4F42-4D07-A234-9A7888871783}.Debug|ARM.Build.0 = Debug|Any CPU
		{67D6F8E9-4F42-4D07-A234-9A7888871783}.Debug|ARM64.ActiveCfg = Debug|Any CPU
		{67D6F8E9-4F42-4D07-A234-9A7888871783}.Debug|ARM64.Build.0 = Debug|Any CPU
		{67D6F8E9-4F42-4D07-A234-9A7888871783}.Debug|x64.ActiveCfg = Debug|Any CPU
		{67D6F8E9-4F42-4D07-A234-9A7888871783}.Debug|x64.Build.0 = Debug|Any CPU
		{67D6F8E9-4F42-4D07-A234-9A7888871783}.Debug|x86.ActiveCfg = Debug|Any CPU
		{67D6F8E9-4F42-4D07-A234-9A7888871783}.Debug|x86.Build.0 = Debug|Any CPU
		{67D6F8E9-4F42-4D07-A234-9A7888871783}.Release|Any CPU.ActiveCfg = Release|Any CPU
		{67D6F8E9-4F42-4D07-A234-9A7888871783}.Release|Any CPU.Build.0 = Release|Any CPU
		{67D6F8E9-4F42-4D07-A234-9A7888871783}.Release|ARM.ActiveCfg = Release|Any CPU
		{67D6F8E9-4F42-4D07-A234-9A7888871783}.Release|ARM.Build.0 = Release|Any CPU
		{67D6F8E9-4F42-4D07-A234-9A7888871783}.Release|ARM64.ActiveCfg = Release|Any CPU
		{67D6F8E9-4F42-4D07-A234-9A7888871783}.Release|ARM64.Build.0 = Release|Any CPU
		{67D6F8E9-4F42-4D07-A234-9A7888871783}.Release|x64.ActiveCfg = Release|Any CPU
		{67D6F8E9-4F42-4D07-A234-9A7888871783}.Release|x64.Build.0 = Release|Any CPU
		{67D6F8E9-4F42-4D07-A234-9A7888871783}.Release|x86.ActiveCfg = Release|Any CPU
		{67D6F8E9-4F42-4D07-A234-9A7888871783}.Release|x86.Build.0 = Release|Any CPU
		{3300223A-BC61-4E6C-A6E7-F6B1594DD395}.Debug|Any CPU.ActiveCfg = Debug|Any CPU
		{3300223A-BC61-4E6C-A6E7-F6B1594DD395}.Debug|Any CPU.Build.0 = Debug|Any CPU
		{3300223A-BC61-4E6C-A6E7-F6B1594DD395}.Debug|ARM.ActiveCfg = Debug|Any CPU
		{3300223A-BC61-4E6C-A6E7-F6B1594DD395}.Debug|ARM.Build.0 = Debug|Any CPU
		{3300223A-BC61-4E6C-A6E7-F6B1594DD395}.Debug|ARM64.ActiveCfg = Debug|Any CPU
		{3300223A-BC61-4E6C-A6E7-F6B1594DD395}.Debug|ARM64.Build.0 = Debug|Any CPU
		{3300223A-BC61-4E6C-A6E7-F6B1594DD395}.Debug|x64.ActiveCfg = Debug|Any CPU
		{3300223A-BC61-4E6C-A6E7-F6B1594DD395}.Debug|x64.Build.0 = Debug|Any CPU
		{3300223A-BC61-4E6C-A6E7-F6B1594DD395}.Debug|x86.ActiveCfg = Debug|Any CPU
		{3300223A-BC61-4E6C-A6E7-F6B1594DD395}.Debug|x86.Build.0 = Debug|Any CPU
		{3300223A-BC61-4E6C-A6E7-F6B1594DD395}.Release|Any CPU.ActiveCfg = Release|Any CPU
		{3300223A-BC61-4E6C-A6E7-F6B1594DD395}.Release|Any CPU.Build.0 = Release|Any CPU
		{3300223A-BC61-4E6C-A6E7-F6B1594DD395}.Release|ARM.ActiveCfg = Release|Any CPU
		{3300223A-BC61-4E6C-A6E7-F6B1594DD395}.Release|ARM.Build.0 = Release|Any CPU
		{3300223A-BC61-4E6C-A6E7-F6B1594DD395}.Release|ARM64.ActiveCfg = Release|Any CPU
		{3300223A-BC61-4E6C-A6E7-F6B1594DD395}.Release|ARM64.Build.0 = Release|Any CPU
		{3300223A-BC61-4E6C-A6E7-F6B1594DD395}.Release|x64.ActiveCfg = Release|Any CPU
		{3300223A-BC61-4E6C-A6E7-F6B1594DD395}.Release|x64.Build.0 = Release|Any CPU
		{3300223A-BC61-4E6C-A6E7-F6B1594DD395}.Release|x86.ActiveCfg = Release|Any CPU
		{3300223A-BC61-4E6C-A6E7-F6B1594DD395}.Release|x86.Build.0 = Release|Any CPU
		{104DE3DE-F22C-44A2-8417-F5491A0F1C69}.Debug|Any CPU.ActiveCfg = Debug|Any CPU
		{104DE3DE-F22C-44A2-8417-F5491A0F1C69}.Debug|Any CPU.Build.0 = Debug|Any CPU
		{104DE3DE-F22C-44A2-8417-F5491A0F1C69}.Debug|ARM.ActiveCfg = Debug|Any CPU
		{104DE3DE-F22C-44A2-8417-F5491A0F1C69}.Debug|ARM.Build.0 = Debug|Any CPU
		{104DE3DE-F22C-44A2-8417-F5491A0F1C69}.Debug|ARM64.ActiveCfg = Debug|Any CPU
		{104DE3DE-F22C-44A2-8417-F5491A0F1C69}.Debug|ARM64.Build.0 = Debug|Any CPU
		{104DE3DE-F22C-44A2-8417-F5491A0F1C69}.Debug|x64.ActiveCfg = Debug|Any CPU
		{104DE3DE-F22C-44A2-8417-F5491A0F1C69}.Debug|x64.Build.0 = Debug|Any CPU
		{104DE3DE-F22C-44A2-8417-F5491A0F1C69}.Debug|x86.ActiveCfg = Debug|Any CPU
		{104DE3DE-F22C-44A2-8417-F5491A0F1C69}.Debug|x86.Build.0 = Debug|Any CPU
		{104DE3DE-F22C-44A2-8417-F5491A0F1C69}.Release|Any CPU.ActiveCfg = Release|Any CPU
		{104DE3DE-F22C-44A2-8417-F5491A0F1C69}.Release|Any CPU.Build.0 = Release|Any CPU
		{104DE3DE-F22C-44A2-8417-F5491A0F1C69}.Release|ARM.ActiveCfg = Release|Any CPU
		{104DE3DE-F22C-44A2-8417-F5491A0F1C69}.Release|ARM.Build.0 = Release|Any CPU
		{104DE3DE-F22C-44A2-8417-F5491A0F1C69}.Release|ARM64.ActiveCfg = Release|Any CPU
		{104DE3DE-F22C-44A2-8417-F5491A0F1C69}.Release|ARM64.Build.0 = Release|Any CPU
		{104DE3DE-F22C-44A2-8417-F5491A0F1C69}.Release|x64.ActiveCfg = Release|Any CPU
		{104DE3DE-F22C-44A2-8417-F5491A0F1C69}.Release|x64.Build.0 = Release|Any CPU
		{104DE3DE-F22C-44A2-8417-F5491A0F1C69}.Release|x86.ActiveCfg = Release|Any CPU
		{104DE3DE-F22C-44A2-8417-F5491A0F1C69}.Release|x86.Build.0 = Release|Any CPU
		{4351CA80-D6D7-4D31-B7F4-2E6A5A0766D5}.Debug|Any CPU.ActiveCfg = Debug|Any CPU
		{4351CA80-D6D7-4D31-B7F4-2E6A5A0766D5}.Debug|Any CPU.Build.0 = Debug|Any CPU
		{4351CA80-D6D7-4D31-B7F4-2E6A5A0766D5}.Debug|ARM.ActiveCfg = Debug|Any CPU
		{4351CA80-D6D7-4D31-B7F4-2E6A5A0766D5}.Debug|ARM.Build.0 = Debug|Any CPU
		{4351CA80-D6D7-4D31-B7F4-2E6A5A0766D5}.Debug|ARM64.ActiveCfg = Debug|Any CPU
		{4351CA80-D6D7-4D31-B7F4-2E6A5A0766D5}.Debug|ARM64.Build.0 = Debug|Any CPU
		{4351CA80-D6D7-4D31-B7F4-2E6A5A0766D5}.Debug|x64.ActiveCfg = Debug|Any CPU
		{4351CA80-D6D7-4D31-B7F4-2E6A5A0766D5}.Debug|x64.Build.0 = Debug|Any CPU
		{4351CA80-D6D7-4D31-B7F4-2E6A5A0766D5}.Debug|x86.ActiveCfg = Debug|Any CPU
		{4351CA80-D6D7-4D31-B7F4-2E6A5A0766D5}.Debug|x86.Build.0 = Debug|Any CPU
		{4351CA80-D6D7-4D31-B7F4-2E6A5A0766D5}.Release|Any CPU.ActiveCfg = Release|Any CPU
		{4351CA80-D6D7-4D31-B7F4-2E6A5A0766D5}.Release|Any CPU.Build.0 = Release|Any CPU
		{4351CA80-D6D7-4D31-B7F4-2E6A5A0766D5}.Release|ARM.ActiveCfg = Release|Any CPU
		{4351CA80-D6D7-4D31-B7F4-2E6A5A0766D5}.Release|ARM.Build.0 = Release|Any CPU
		{4351CA80-D6D7-4D31-B7F4-2E6A5A0766D5}.Release|ARM64.ActiveCfg = Release|Any CPU
		{4351CA80-D6D7-4D31-B7F4-2E6A5A0766D5}.Release|ARM64.Build.0 = Release|Any CPU
		{4351CA80-D6D7-4D31-B7F4-2E6A5A0766D5}.Release|x64.ActiveCfg = Release|Any CPU
		{4351CA80-D6D7-4D31-B7F4-2E6A5A0766D5}.Release|x64.Build.0 = Release|Any CPU
		{4351CA80-D6D7-4D31-B7F4-2E6A5A0766D5}.Release|x86.ActiveCfg = Release|Any CPU
		{4351CA80-D6D7-4D31-B7F4-2E6A5A0766D5}.Release|x86.Build.0 = Release|Any CPU
		{E8D06013-AA88-4E80-8042-CF33211E26E9}.Debug|Any CPU.ActiveCfg = Debug|Any CPU
		{E8D06013-AA88-4E80-8042-CF33211E26E9}.Debug|Any CPU.Build.0 = Debug|Any CPU
		{E8D06013-AA88-4E80-8042-CF33211E26E9}.Debug|ARM.ActiveCfg = Debug|Any CPU
		{E8D06013-AA88-4E80-8042-CF33211E26E9}.Debug|ARM.Build.0 = Debug|Any CPU
		{E8D06013-AA88-4E80-8042-CF33211E26E9}.Debug|ARM64.ActiveCfg = Debug|Any CPU
		{E8D06013-AA88-4E80-8042-CF33211E26E9}.Debug|ARM64.Build.0 = Debug|Any CPU
		{E8D06013-AA88-4E80-8042-CF33211E26E9}.Debug|x64.ActiveCfg = Debug|Any CPU
		{E8D06013-AA88-4E80-8042-CF33211E26E9}.Debug|x64.Build.0 = Debug|Any CPU
		{E8D06013-AA88-4E80-8042-CF33211E26E9}.Debug|x86.ActiveCfg = Debug|Any CPU
		{E8D06013-AA88-4E80-8042-CF33211E26E9}.Debug|x86.Build.0 = Debug|Any CPU
		{E8D06013-AA88-4E80-8042-CF33211E26E9}.Release|Any CPU.ActiveCfg = Release|Any CPU
		{E8D06013-AA88-4E80-8042-CF33211E26E9}.Release|Any CPU.Build.0 = Release|Any CPU
		{E8D06013-AA88-4E80-8042-CF33211E26E9}.Release|ARM.ActiveCfg = Release|Any CPU
		{E8D06013-AA88-4E80-8042-CF33211E26E9}.Release|ARM.Build.0 = Release|Any CPU
		{E8D06013-AA88-4E80-8042-CF33211E26E9}.Release|ARM64.ActiveCfg = Release|Any CPU
		{E8D06013-AA88-4E80-8042-CF33211E26E9}.Release|ARM64.Build.0 = Release|Any CPU
		{E8D06013-AA88-4E80-8042-CF33211E26E9}.Release|x64.ActiveCfg = Release|Any CPU
		{E8D06013-AA88-4E80-8042-CF33211E26E9}.Release|x64.Build.0 = Release|Any CPU
		{E8D06013-AA88-4E80-8042-CF33211E26E9}.Release|x86.ActiveCfg = Release|Any CPU
		{E8D06013-AA88-4E80-8042-CF33211E26E9}.Release|x86.Build.0 = Release|Any CPU
		{EE6920CF-D097-48EE-9400-9AC499D189E9}.Debug|Any CPU.ActiveCfg = Debug|Any CPU
		{EE6920CF-D097-48EE-9400-9AC499D189E9}.Debug|Any CPU.Build.0 = Debug|Any CPU
		{EE6920CF-D097-48EE-9400-9AC499D189E9}.Debug|ARM.ActiveCfg = Debug|Any CPU
		{EE6920CF-D097-48EE-9400-9AC499D189E9}.Debug|ARM.Build.0 = Debug|Any CPU
		{EE6920CF-D097-48EE-9400-9AC499D189E9}.Debug|ARM64.ActiveCfg = Debug|Any CPU
		{EE6920CF-D097-48EE-9400-9AC499D189E9}.Debug|ARM64.Build.0 = Debug|Any CPU
		{EE6920CF-D097-48EE-9400-9AC499D189E9}.Debug|x64.ActiveCfg = Debug|Any CPU
		{EE6920CF-D097-48EE-9400-9AC499D189E9}.Debug|x64.Build.0 = Debug|Any CPU
		{EE6920CF-D097-48EE-9400-9AC499D189E9}.Debug|x86.ActiveCfg = Debug|Any CPU
		{EE6920CF-D097-48EE-9400-9AC499D189E9}.Debug|x86.Build.0 = Debug|Any CPU
		{EE6920CF-D097-48EE-9400-9AC499D189E9}.Release|Any CPU.ActiveCfg = Release|Any CPU
		{EE6920CF-D097-48EE-9400-9AC499D189E9}.Release|Any CPU.Build.0 = Release|Any CPU
		{EE6920CF-D097-48EE-9400-9AC499D189E9}.Release|ARM.ActiveCfg = Release|Any CPU
		{EE6920CF-D097-48EE-9400-9AC499D189E9}.Release|ARM.Build.0 = Release|Any CPU
		{EE6920CF-D097-48EE-9400-9AC499D189E9}.Release|ARM64.ActiveCfg = Release|Any CPU
		{EE6920CF-D097-48EE-9400-9AC499D189E9}.Release|ARM64.Build.0 = Release|Any CPU
		{EE6920CF-D097-48EE-9400-9AC499D189E9}.Release|x64.ActiveCfg = Release|Any CPU
		{EE6920CF-D097-48EE-9400-9AC499D189E9}.Release|x64.Build.0 = Release|Any CPU
		{EE6920CF-D097-48EE-9400-9AC499D189E9}.Release|x86.ActiveCfg = Release|Any CPU
		{EE6920CF-D097-48EE-9400-9AC499D189E9}.Release|x86.Build.0 = Release|Any CPU
		{CBAF578F-2407-4076-B491-4B070961661B}.Debug|Any CPU.ActiveCfg = Debug|Any CPU
		{CBAF578F-2407-4076-B491-4B070961661B}.Debug|Any CPU.Build.0 = Debug|Any CPU
		{CBAF578F-2407-4076-B491-4B070961661B}.Debug|ARM.ActiveCfg = Debug|Any CPU
		{CBAF578F-2407-4076-B491-4B070961661B}.Debug|ARM.Build.0 = Debug|Any CPU
		{CBAF578F-2407-4076-B491-4B070961661B}.Debug|ARM64.ActiveCfg = Debug|Any CPU
		{CBAF578F-2407-4076-B491-4B070961661B}.Debug|ARM64.Build.0 = Debug|Any CPU
		{CBAF578F-2407-4076-B491-4B070961661B}.Debug|x64.ActiveCfg = Debug|Any CPU
		{CBAF578F-2407-4076-B491-4B070961661B}.Debug|x64.Build.0 = Debug|Any CPU
		{CBAF578F-2407-4076-B491-4B070961661B}.Debug|x86.ActiveCfg = Debug|Any CPU
		{CBAF578F-2407-4076-B491-4B070961661B}.Debug|x86.Build.0 = Debug|Any CPU
		{CBAF578F-2407-4076-B491-4B070961661B}.Release|Any CPU.ActiveCfg = Release|Any CPU
		{CBAF578F-2407-4076-B491-4B070961661B}.Release|Any CPU.Build.0 = Release|Any CPU
		{CBAF578F-2407-4076-B491-4B070961661B}.Release|ARM.ActiveCfg = Release|Any CPU
		{CBAF578F-2407-4076-B491-4B070961661B}.Release|ARM.Build.0 = Release|Any CPU
		{CBAF578F-2407-4076-B491-4B070961661B}.Release|ARM64.ActiveCfg = Release|Any CPU
		{CBAF578F-2407-4076-B491-4B070961661B}.Release|ARM64.Build.0 = Release|Any CPU
		{CBAF578F-2407-4076-B491-4B070961661B}.Release|x64.ActiveCfg = Release|Any CPU
		{CBAF578F-2407-4076-B491-4B070961661B}.Release|x64.Build.0 = Release|Any CPU
		{CBAF578F-2407-4076-B491-4B070961661B}.Release|x86.ActiveCfg = Release|Any CPU
		{CBAF578F-2407-4076-B491-4B070961661B}.Release|x86.Build.0 = Release|Any CPU
		{B130A801-6B23-46DF-AF58-404A4D675E55}.Debug|Any CPU.ActiveCfg = Debug|Any CPU
		{B130A801-6B23-46DF-AF58-404A4D675E55}.Debug|Any CPU.Build.0 = Debug|Any CPU
		{B130A801-6B23-46DF-AF58-404A4D675E55}.Debug|ARM.ActiveCfg = Debug|Any CPU
		{B130A801-6B23-46DF-AF58-404A4D675E55}.Debug|ARM.Build.0 = Debug|Any CPU
		{B130A801-6B23-46DF-AF58-404A4D675E55}.Debug|ARM64.ActiveCfg = Debug|Any CPU
		{B130A801-6B23-46DF-AF58-404A4D675E55}.Debug|ARM64.Build.0 = Debug|Any CPU
		{B130A801-6B23-46DF-AF58-404A4D675E55}.Debug|x64.ActiveCfg = Debug|Any CPU
		{B130A801-6B23-46DF-AF58-404A4D675E55}.Debug|x64.Build.0 = Debug|Any CPU
		{B130A801-6B23-46DF-AF58-404A4D675E55}.Debug|x86.ActiveCfg = Debug|Any CPU
		{B130A801-6B23-46DF-AF58-404A4D675E55}.Debug|x86.Build.0 = Debug|Any CPU
		{B130A801-6B23-46DF-AF58-404A4D675E55}.Release|Any CPU.ActiveCfg = Release|Any CPU
		{B130A801-6B23-46DF-AF58-404A4D675E55}.Release|Any CPU.Build.0 = Release|Any CPU
		{B130A801-6B23-46DF-AF58-404A4D675E55}.Release|ARM.ActiveCfg = Release|Any CPU
		{B130A801-6B23-46DF-AF58-404A4D675E55}.Release|ARM.Build.0 = Release|Any CPU
		{B130A801-6B23-46DF-AF58-404A4D675E55}.Release|ARM64.ActiveCfg = Release|Any CPU
		{B130A801-6B23-46DF-AF58-404A4D675E55}.Release|ARM64.Build.0 = Release|Any CPU
		{B130A801-6B23-46DF-AF58-404A4D675E55}.Release|x64.ActiveCfg = Release|Any CPU
		{B130A801-6B23-46DF-AF58-404A4D675E55}.Release|x64.Build.0 = Release|Any CPU
		{B130A801-6B23-46DF-AF58-404A4D675E55}.Release|x86.ActiveCfg = Release|Any CPU
		{B130A801-6B23-46DF-AF58-404A4D675E55}.Release|x86.Build.0 = Release|Any CPU
		{C976D5CF-2F6C-4EEF-ADEF-2427E6E24271}.Debug|Any CPU.ActiveCfg = Debug|Any CPU
		{C976D5CF-2F6C-4EEF-ADEF-2427E6E24271}.Debug|Any CPU.Build.0 = Debug|Any CPU
		{C976D5CF-2F6C-4EEF-ADEF-2427E6E24271}.Debug|ARM.ActiveCfg = Debug|Any CPU
		{C976D5CF-2F6C-4EEF-ADEF-2427E6E24271}.Debug|ARM.Build.0 = Debug|Any CPU
		{C976D5CF-2F6C-4EEF-ADEF-2427E6E24271}.Debug|ARM64.ActiveCfg = Debug|Any CPU
		{C976D5CF-2F6C-4EEF-ADEF-2427E6E24271}.Debug|ARM64.Build.0 = Debug|Any CPU
		{C976D5CF-2F6C-4EEF-ADEF-2427E6E24271}.Debug|x64.ActiveCfg = Debug|Any CPU
		{C976D5CF-2F6C-4EEF-ADEF-2427E6E24271}.Debug|x64.Build.0 = Debug|Any CPU
		{C976D5CF-2F6C-4EEF-ADEF-2427E6E24271}.Debug|x86.ActiveCfg = Debug|Any CPU
		{C976D5CF-2F6C-4EEF-ADEF-2427E6E24271}.Debug|x86.Build.0 = Debug|Any CPU
		{C976D5CF-2F6C-4EEF-ADEF-2427E6E24271}.Release|Any CPU.ActiveCfg = Release|Any CPU
		{C976D5CF-2F6C-4EEF-ADEF-2427E6E24271}.Release|Any CPU.Build.0 = Release|Any CPU
		{C976D5CF-2F6C-4EEF-ADEF-2427E6E24271}.Release|ARM.ActiveCfg = Release|Any CPU
		{C976D5CF-2F6C-4EEF-ADEF-2427E6E24271}.Release|ARM.Build.0 = Release|Any CPU
		{C976D5CF-2F6C-4EEF-ADEF-2427E6E24271}.Release|ARM64.ActiveCfg = Release|Any CPU
		{C976D5CF-2F6C-4EEF-ADEF-2427E6E24271}.Release|ARM64.Build.0 = Release|Any CPU
		{C976D5CF-2F6C-4EEF-ADEF-2427E6E24271}.Release|x64.ActiveCfg = Release|Any CPU
		{C976D5CF-2F6C-4EEF-ADEF-2427E6E24271}.Release|x64.Build.0 = Release|Any CPU
		{C976D5CF-2F6C-4EEF-ADEF-2427E6E24271}.Release|x86.ActiveCfg = Release|Any CPU
		{C976D5CF-2F6C-4EEF-ADEF-2427E6E24271}.Release|x86.Build.0 = Release|Any CPU
		{35AB6526-EEDD-4881-8834-035C379DA9F6}.Debug|Any CPU.ActiveCfg = Debug|Any CPU
		{35AB6526-EEDD-4881-8834-035C379DA9F6}.Debug|Any CPU.Build.0 = Debug|Any CPU
		{35AB6526-EEDD-4881-8834-035C379DA9F6}.Debug|ARM.ActiveCfg = Debug|Any CPU
		{35AB6526-EEDD-4881-8834-035C379DA9F6}.Debug|ARM.Build.0 = Debug|Any CPU
		{35AB6526-EEDD-4881-8834-035C379DA9F6}.Debug|ARM64.ActiveCfg = Debug|Any CPU
		{35AB6526-EEDD-4881-8834-035C379DA9F6}.Debug|ARM64.Build.0 = Debug|Any CPU
		{35AB6526-EEDD-4881-8834-035C379DA9F6}.Debug|x64.ActiveCfg = Debug|Any CPU
		{35AB6526-EEDD-4881-8834-035C379DA9F6}.Debug|x64.Build.0 = Debug|Any CPU
		{35AB6526-EEDD-4881-8834-035C379DA9F6}.Debug|x86.ActiveCfg = Debug|Any CPU
		{35AB6526-EEDD-4881-8834-035C379DA9F6}.Debug|x86.Build.0 = Debug|Any CPU
		{35AB6526-EEDD-4881-8834-035C379DA9F6}.Release|Any CPU.ActiveCfg = Release|Any CPU
		{35AB6526-EEDD-4881-8834-035C379DA9F6}.Release|Any CPU.Build.0 = Release|Any CPU
		{35AB6526-EEDD-4881-8834-035C379DA9F6}.Release|ARM.ActiveCfg = Release|Any CPU
		{35AB6526-EEDD-4881-8834-035C379DA9F6}.Release|ARM.Build.0 = Release|Any CPU
		{35AB6526-EEDD-4881-8834-035C379DA9F6}.Release|ARM64.ActiveCfg = Release|Any CPU
		{35AB6526-EEDD-4881-8834-035C379DA9F6}.Release|ARM64.Build.0 = Release|Any CPU
		{35AB6526-EEDD-4881-8834-035C379DA9F6}.Release|x64.ActiveCfg = Release|Any CPU
		{35AB6526-EEDD-4881-8834-035C379DA9F6}.Release|x64.Build.0 = Release|Any CPU
		{35AB6526-EEDD-4881-8834-035C379DA9F6}.Release|x86.ActiveCfg = Release|Any CPU
		{35AB6526-EEDD-4881-8834-035C379DA9F6}.Release|x86.Build.0 = Release|Any CPU
		{7BD81674-2035-4402-BDC0-AC5EA6907147}.Debug|Any CPU.ActiveCfg = Debug|Any CPU
		{7BD81674-2035-4402-BDC0-AC5EA6907147}.Debug|Any CPU.Build.0 = Debug|Any CPU
		{7BD81674-2035-4402-BDC0-AC5EA6907147}.Debug|ARM.ActiveCfg = Debug|Any CPU
		{7BD81674-2035-4402-BDC0-AC5EA6907147}.Debug|ARM.Build.0 = Debug|Any CPU
		{7BD81674-2035-4402-BDC0-AC5EA6907147}.Debug|ARM64.ActiveCfg = Debug|Any CPU
		{7BD81674-2035-4402-BDC0-AC5EA6907147}.Debug|ARM64.Build.0 = Debug|Any CPU
		{7BD81674-2035-4402-BDC0-AC5EA6907147}.Debug|x64.ActiveCfg = Debug|Any CPU
		{7BD81674-2035-4402-BDC0-AC5EA6907147}.Debug|x64.Build.0 = Debug|Any CPU
		{7BD81674-2035-4402-BDC0-AC5EA6907147}.Debug|x86.ActiveCfg = Debug|Any CPU
		{7BD81674-2035-4402-BDC0-AC5EA6907147}.Debug|x86.Build.0 = Debug|Any CPU
		{7BD81674-2035-4402-BDC0-AC5EA6907147}.Release|Any CPU.ActiveCfg = Release|Any CPU
		{7BD81674-2035-4402-BDC0-AC5EA6907147}.Release|Any CPU.Build.0 = Release|Any CPU
		{7BD81674-2035-4402-BDC0-AC5EA6907147}.Release|ARM.ActiveCfg = Release|Any CPU
		{7BD81674-2035-4402-BDC0-AC5EA6907147}.Release|ARM.Build.0 = Release|Any CPU
		{7BD81674-2035-4402-BDC0-AC5EA6907147}.Release|ARM64.ActiveCfg = Release|Any CPU
		{7BD81674-2035-4402-BDC0-AC5EA6907147}.Release|ARM64.Build.0 = Release|Any CPU
		{7BD81674-2035-4402-BDC0-AC5EA6907147}.Release|x64.ActiveCfg = Release|Any CPU
		{7BD81674-2035-4402-BDC0-AC5EA6907147}.Release|x64.Build.0 = Release|Any CPU
		{7BD81674-2035-4402-BDC0-AC5EA6907147}.Release|x86.ActiveCfg = Release|Any CPU
		{7BD81674-2035-4402-BDC0-AC5EA6907147}.Release|x86.Build.0 = Release|Any CPU
		{A90E0CE7-2200-4031-B687-BB3A2AC70BA5}.Debug|Any CPU.ActiveCfg = Debug|Any CPU
		{A90E0CE7-2200-4031-B687-BB3A2AC70BA5}.Debug|Any CPU.Build.0 = Debug|Any CPU
		{A90E0CE7-2200-4031-B687-BB3A2AC70BA5}.Debug|ARM.ActiveCfg = Debug|Any CPU
		{A90E0CE7-2200-4031-B687-BB3A2AC70BA5}.Debug|ARM.Build.0 = Debug|Any CPU
		{A90E0CE7-2200-4031-B687-BB3A2AC70BA5}.Debug|ARM64.ActiveCfg = Debug|Any CPU
		{A90E0CE7-2200-4031-B687-BB3A2AC70BA5}.Debug|ARM64.Build.0 = Debug|Any CPU
		{A90E0CE7-2200-4031-B687-BB3A2AC70BA5}.Debug|x64.ActiveCfg = Debug|Any CPU
		{A90E0CE7-2200-4031-B687-BB3A2AC70BA5}.Debug|x64.Build.0 = Debug|Any CPU
		{A90E0CE7-2200-4031-B687-BB3A2AC70BA5}.Debug|x86.ActiveCfg = Debug|Any CPU
		{A90E0CE7-2200-4031-B687-BB3A2AC70BA5}.Debug|x86.Build.0 = Debug|Any CPU
		{A90E0CE7-2200-4031-B687-BB3A2AC70BA5}.Release|Any CPU.ActiveCfg = Release|Any CPU
		{A90E0CE7-2200-4031-B687-BB3A2AC70BA5}.Release|Any CPU.Build.0 = Release|Any CPU
		{A90E0CE7-2200-4031-B687-BB3A2AC70BA5}.Release|ARM.ActiveCfg = Release|Any CPU
		{A90E0CE7-2200-4031-B687-BB3A2AC70BA5}.Release|ARM.Build.0 = Release|Any CPU
		{A90E0CE7-2200-4031-B687-BB3A2AC70BA5}.Release|ARM64.ActiveCfg = Release|Any CPU
		{A90E0CE7-2200-4031-B687-BB3A2AC70BA5}.Release|ARM64.Build.0 = Release|Any CPU
		{A90E0CE7-2200-4031-B687-BB3A2AC70BA5}.Release|x64.ActiveCfg = Release|Any CPU
		{A90E0CE7-2200-4031-B687-BB3A2AC70BA5}.Release|x64.Build.0 = Release|Any CPU
		{A90E0CE7-2200-4031-B687-BB3A2AC70BA5}.Release|x86.ActiveCfg = Release|Any CPU
		{A90E0CE7-2200-4031-B687-BB3A2AC70BA5}.Release|x86.Build.0 = Release|Any CPU
		{0B401965-1EF3-4F8B-BC1D-3E3A7F10A4E9}.Debug|Any CPU.ActiveCfg = Debug|Any CPU
		{0B401965-1EF3-4F8B-BC1D-3E3A7F10A4E9}.Debug|Any CPU.Build.0 = Debug|Any CPU
		{0B401965-1EF3-4F8B-BC1D-3E3A7F10A4E9}.Debug|ARM.ActiveCfg = Debug|Any CPU
		{0B401965-1EF3-4F8B-BC1D-3E3A7F10A4E9}.Debug|ARM.Build.0 = Debug|Any CPU
		{0B401965-1EF3-4F8B-BC1D-3E3A7F10A4E9}.Debug|ARM64.ActiveCfg = Debug|Any CPU
		{0B401965-1EF3-4F8B-BC1D-3E3A7F10A4E9}.Debug|ARM64.Build.0 = Debug|Any CPU
		{0B401965-1EF3-4F8B-BC1D-3E3A7F10A4E9}.Debug|x64.ActiveCfg = Debug|Any CPU
		{0B401965-1EF3-4F8B-BC1D-3E3A7F10A4E9}.Debug|x64.Build.0 = Debug|Any CPU
		{0B401965-1EF3-4F8B-BC1D-3E3A7F10A4E9}.Debug|x86.ActiveCfg = Debug|Any CPU
		{0B401965-1EF3-4F8B-BC1D-3E3A7F10A4E9}.Debug|x86.Build.0 = Debug|Any CPU
		{0B401965-1EF3-4F8B-BC1D-3E3A7F10A4E9}.Release|Any CPU.ActiveCfg = Release|Any CPU
		{0B401965-1EF3-4F8B-BC1D-3E3A7F10A4E9}.Release|Any CPU.Build.0 = Release|Any CPU
		{0B401965-1EF3-4F8B-BC1D-3E3A7F10A4E9}.Release|ARM.ActiveCfg = Release|Any CPU
		{0B401965-1EF3-4F8B-BC1D-3E3A7F10A4E9}.Release|ARM.Build.0 = Release|Any CPU
		{0B401965-1EF3-4F8B-BC1D-3E3A7F10A4E9}.Release|ARM64.ActiveCfg = Release|Any CPU
		{0B401965-1EF3-4F8B-BC1D-3E3A7F10A4E9}.Release|ARM64.Build.0 = Release|Any CPU
		{0B401965-1EF3-4F8B-BC1D-3E3A7F10A4E9}.Release|x64.ActiveCfg = Release|Any CPU
		{0B401965-1EF3-4F8B-BC1D-3E3A7F10A4E9}.Release|x64.Build.0 = Release|Any CPU
		{0B401965-1EF3-4F8B-BC1D-3E3A7F10A4E9}.Release|x86.ActiveCfg = Release|Any CPU
		{0B401965-1EF3-4F8B-BC1D-3E3A7F10A4E9}.Release|x86.Build.0 = Release|Any CPU
		{438D953F-647F-4073-8EF4-B66A06EB4982}.Debug|Any CPU.ActiveCfg = Debug|Any CPU
		{438D953F-647F-4073-8EF4-B66A06EB4982}.Debug|Any CPU.Build.0 = Debug|Any CPU
		{438D953F-647F-4073-8EF4-B66A06EB4982}.Debug|ARM.ActiveCfg = Debug|Any CPU
		{438D953F-647F-4073-8EF4-B66A06EB4982}.Debug|ARM.Build.0 = Debug|Any CPU
		{438D953F-647F-4073-8EF4-B66A06EB4982}.Debug|ARM64.ActiveCfg = Debug|Any CPU
		{438D953F-647F-4073-8EF4-B66A06EB4982}.Debug|ARM64.Build.0 = Debug|Any CPU
		{438D953F-647F-4073-8EF4-B66A06EB4982}.Debug|x64.ActiveCfg = Debug|Any CPU
		{438D953F-647F-4073-8EF4-B66A06EB4982}.Debug|x64.Build.0 = Debug|Any CPU
		{438D953F-647F-4073-8EF4-B66A06EB4982}.Debug|x86.ActiveCfg = Debug|Any CPU
		{438D953F-647F-4073-8EF4-B66A06EB4982}.Debug|x86.Build.0 = Debug|Any CPU
		{438D953F-647F-4073-8EF4-B66A06EB4982}.Release|Any CPU.ActiveCfg = Release|Any CPU
		{438D953F-647F-4073-8EF4-B66A06EB4982}.Release|Any CPU.Build.0 = Release|Any CPU
		{438D953F-647F-4073-8EF4-B66A06EB4982}.Release|ARM.ActiveCfg = Release|Any CPU
		{438D953F-647F-4073-8EF4-B66A06EB4982}.Release|ARM.Build.0 = Release|Any CPU
		{438D953F-647F-4073-8EF4-B66A06EB4982}.Release|ARM64.ActiveCfg = Release|Any CPU
		{438D953F-647F-4073-8EF4-B66A06EB4982}.Release|ARM64.Build.0 = Release|Any CPU
		{438D953F-647F-4073-8EF4-B66A06EB4982}.Release|x64.ActiveCfg = Release|Any CPU
		{438D953F-647F-4073-8EF4-B66A06EB4982}.Release|x64.Build.0 = Release|Any CPU
		{438D953F-647F-4073-8EF4-B66A06EB4982}.Release|x86.ActiveCfg = Release|Any CPU
		{438D953F-647F-4073-8EF4-B66A06EB4982}.Release|x86.Build.0 = Release|Any CPU
		{F32AA5EB-134F-43B7-8970-6695F10F930C}.Debug|Any CPU.ActiveCfg = Debug|Any CPU
		{F32AA5EB-134F-43B7-8970-6695F10F930C}.Debug|Any CPU.Build.0 = Debug|Any CPU
		{F32AA5EB-134F-43B7-8970-6695F10F930C}.Debug|ARM.ActiveCfg = Debug|Any CPU
		{F32AA5EB-134F-43B7-8970-6695F10F930C}.Debug|ARM.Build.0 = Debug|Any CPU
		{F32AA5EB-134F-43B7-8970-6695F10F930C}.Debug|ARM64.ActiveCfg = Debug|Any CPU
		{F32AA5EB-134F-43B7-8970-6695F10F930C}.Debug|ARM64.Build.0 = Debug|Any CPU
		{F32AA5EB-134F-43B7-8970-6695F10F930C}.Debug|x64.ActiveCfg = Debug|Any CPU
		{F32AA5EB-134F-43B7-8970-6695F10F930C}.Debug|x64.Build.0 = Debug|Any CPU
		{F32AA5EB-134F-43B7-8970-6695F10F930C}.Debug|x86.ActiveCfg = Debug|Any CPU
		{F32AA5EB-134F-43B7-8970-6695F10F930C}.Debug|x86.Build.0 = Debug|Any CPU
		{F32AA5EB-134F-43B7-8970-6695F10F930C}.Release|Any CPU.ActiveCfg = Release|Any CPU
		{F32AA5EB-134F-43B7-8970-6695F10F930C}.Release|Any CPU.Build.0 = Release|Any CPU
		{F32AA5EB-134F-43B7-8970-6695F10F930C}.Release|ARM.ActiveCfg = Release|Any CPU
		{F32AA5EB-134F-43B7-8970-6695F10F930C}.Release|ARM.Build.0 = Release|Any CPU
		{F32AA5EB-134F-43B7-8970-6695F10F930C}.Release|ARM64.ActiveCfg = Release|Any CPU
		{F32AA5EB-134F-43B7-8970-6695F10F930C}.Release|ARM64.Build.0 = Release|Any CPU
		{F32AA5EB-134F-43B7-8970-6695F10F930C}.Release|x64.ActiveCfg = Release|Any CPU
		{F32AA5EB-134F-43B7-8970-6695F10F930C}.Release|x64.Build.0 = Release|Any CPU
		{F32AA5EB-134F-43B7-8970-6695F10F930C}.Release|x86.ActiveCfg = Release|Any CPU
		{F32AA5EB-134F-43B7-8970-6695F10F930C}.Release|x86.Build.0 = Release|Any CPU
		{A4FF3950-7C85-4B82-895A-FF8A94865C94}.Debug|Any CPU.ActiveCfg = Debug|x86
		{A4FF3950-7C85-4B82-895A-FF8A94865C94}.Debug|ARM.ActiveCfg = Debug|ARM
		{A4FF3950-7C85-4B82-895A-FF8A94865C94}.Debug|ARM.Build.0 = Debug|ARM
		{A4FF3950-7C85-4B82-895A-FF8A94865C94}.Debug|ARM.Deploy.0 = Debug|ARM
		{A4FF3950-7C85-4B82-895A-FF8A94865C94}.Debug|ARM64.ActiveCfg = Debug|ARM64
		{A4FF3950-7C85-4B82-895A-FF8A94865C94}.Debug|ARM64.Build.0 = Debug|ARM64
		{A4FF3950-7C85-4B82-895A-FF8A94865C94}.Debug|ARM64.Deploy.0 = Debug|ARM64
		{A4FF3950-7C85-4B82-895A-FF8A94865C94}.Debug|x64.ActiveCfg = Debug|x64
		{A4FF3950-7C85-4B82-895A-FF8A94865C94}.Debug|x64.Build.0 = Debug|x64
		{A4FF3950-7C85-4B82-895A-FF8A94865C94}.Debug|x64.Deploy.0 = Debug|x64
		{A4FF3950-7C85-4B82-895A-FF8A94865C94}.Debug|x86.ActiveCfg = Debug|x86
		{A4FF3950-7C85-4B82-895A-FF8A94865C94}.Debug|x86.Build.0 = Debug|x86
		{A4FF3950-7C85-4B82-895A-FF8A94865C94}.Debug|x86.Deploy.0 = Debug|x86
		{A4FF3950-7C85-4B82-895A-FF8A94865C94}.Release|Any CPU.ActiveCfg = Release|x86
		{A4FF3950-7C85-4B82-895A-FF8A94865C94}.Release|ARM.ActiveCfg = Release|ARM
		{A4FF3950-7C85-4B82-895A-FF8A94865C94}.Release|ARM.Build.0 = Release|ARM
		{A4FF3950-7C85-4B82-895A-FF8A94865C94}.Release|ARM.Deploy.0 = Release|ARM
		{A4FF3950-7C85-4B82-895A-FF8A94865C94}.Release|ARM64.ActiveCfg = Release|ARM64
		{A4FF3950-7C85-4B82-895A-FF8A94865C94}.Release|ARM64.Build.0 = Release|ARM64
		{A4FF3950-7C85-4B82-895A-FF8A94865C94}.Release|ARM64.Deploy.0 = Release|ARM64
		{A4FF3950-7C85-4B82-895A-FF8A94865C94}.Release|x64.ActiveCfg = Release|x64
		{A4FF3950-7C85-4B82-895A-FF8A94865C94}.Release|x64.Build.0 = Release|x64
		{A4FF3950-7C85-4B82-895A-FF8A94865C94}.Release|x64.Deploy.0 = Release|x64
		{A4FF3950-7C85-4B82-895A-FF8A94865C94}.Release|x86.ActiveCfg = Release|x86
		{A4FF3950-7C85-4B82-895A-FF8A94865C94}.Release|x86.Build.0 = Release|x86
		{A4FF3950-7C85-4B82-895A-FF8A94865C94}.Release|x86.Deploy.0 = Release|x86
		{156B91E6-30B0-4D94-870A-6A9D03FB0475}.Debug|Any CPU.ActiveCfg = Debug|Any CPU
		{156B91E6-30B0-4D94-870A-6A9D03FB0475}.Debug|Any CPU.Build.0 = Debug|Any CPU
		{156B91E6-30B0-4D94-870A-6A9D03FB0475}.Debug|ARM.ActiveCfg = Debug|Any CPU
		{156B91E6-30B0-4D94-870A-6A9D03FB0475}.Debug|ARM.Build.0 = Debug|Any CPU
		{156B91E6-30B0-4D94-870A-6A9D03FB0475}.Debug|ARM64.ActiveCfg = Debug|Any CPU
		{156B91E6-30B0-4D94-870A-6A9D03FB0475}.Debug|ARM64.Build.0 = Debug|Any CPU
		{156B91E6-30B0-4D94-870A-6A9D03FB0475}.Debug|x64.ActiveCfg = Debug|Any CPU
		{156B91E6-30B0-4D94-870A-6A9D03FB0475}.Debug|x64.Build.0 = Debug|Any CPU
		{156B91E6-30B0-4D94-870A-6A9D03FB0475}.Debug|x86.ActiveCfg = Debug|Any CPU
		{156B91E6-30B0-4D94-870A-6A9D03FB0475}.Debug|x86.Build.0 = Debug|Any CPU
		{156B91E6-30B0-4D94-870A-6A9D03FB0475}.Release|Any CPU.ActiveCfg = Release|Any CPU
		{156B91E6-30B0-4D94-870A-6A9D03FB0475}.Release|Any CPU.Build.0 = Release|Any CPU
		{156B91E6-30B0-4D94-870A-6A9D03FB0475}.Release|ARM.ActiveCfg = Release|Any CPU
		{156B91E6-30B0-4D94-870A-6A9D03FB0475}.Release|ARM.Build.0 = Release|Any CPU
		{156B91E6-30B0-4D94-870A-6A9D03FB0475}.Release|ARM64.ActiveCfg = Release|Any CPU
		{156B91E6-30B0-4D94-870A-6A9D03FB0475}.Release|ARM64.Build.0 = Release|Any CPU
		{156B91E6-30B0-4D94-870A-6A9D03FB0475}.Release|x64.ActiveCfg = Release|Any CPU
		{156B91E6-30B0-4D94-870A-6A9D03FB0475}.Release|x64.Build.0 = Release|Any CPU
		{156B91E6-30B0-4D94-870A-6A9D03FB0475}.Release|x86.ActiveCfg = Release|Any CPU
		{156B91E6-30B0-4D94-870A-6A9D03FB0475}.Release|x86.Build.0 = Release|Any CPU
		{309DAB47-C215-48C2-9A33-3CD04B796E3B}.Debug|Any CPU.ActiveCfg = Debug|Any CPU
		{309DAB47-C215-48C2-9A33-3CD04B796E3B}.Debug|Any CPU.Build.0 = Debug|Any CPU
		{309DAB47-C215-48C2-9A33-3CD04B796E3B}.Debug|ARM.ActiveCfg = Debug|Any CPU
		{309DAB47-C215-48C2-9A33-3CD04B796E3B}.Debug|ARM.Build.0 = Debug|Any CPU
		{309DAB47-C215-48C2-9A33-3CD04B796E3B}.Debug|ARM64.ActiveCfg = Debug|Any CPU
		{309DAB47-C215-48C2-9A33-3CD04B796E3B}.Debug|ARM64.Build.0 = Debug|Any CPU
		{309DAB47-C215-48C2-9A33-3CD04B796E3B}.Debug|x64.ActiveCfg = Debug|Any CPU
		{309DAB47-C215-48C2-9A33-3CD04B796E3B}.Debug|x64.Build.0 = Debug|Any CPU
		{309DAB47-C215-48C2-9A33-3CD04B796E3B}.Debug|x86.ActiveCfg = Debug|Any CPU
		{309DAB47-C215-48C2-9A33-3CD04B796E3B}.Debug|x86.Build.0 = Debug|Any CPU
		{309DAB47-C215-48C2-9A33-3CD04B796E3B}.Release|Any CPU.ActiveCfg = Release|Any CPU
		{309DAB47-C215-48C2-9A33-3CD04B796E3B}.Release|Any CPU.Build.0 = Release|Any CPU
		{309DAB47-C215-48C2-9A33-3CD04B796E3B}.Release|ARM.ActiveCfg = Release|Any CPU
		{309DAB47-C215-48C2-9A33-3CD04B796E3B}.Release|ARM.Build.0 = Release|Any CPU
		{309DAB47-C215-48C2-9A33-3CD04B796E3B}.Release|ARM64.ActiveCfg = Release|Any CPU
		{309DAB47-C215-48C2-9A33-3CD04B796E3B}.Release|ARM64.Build.0 = Release|Any CPU
		{309DAB47-C215-48C2-9A33-3CD04B796E3B}.Release|x64.ActiveCfg = Release|Any CPU
		{309DAB47-C215-48C2-9A33-3CD04B796E3B}.Release|x64.Build.0 = Release|Any CPU
		{309DAB47-C215-48C2-9A33-3CD04B796E3B}.Release|x86.ActiveCfg = Release|Any CPU
		{309DAB47-C215-48C2-9A33-3CD04B796E3B}.Release|x86.Build.0 = Release|Any CPU
		{EE43EC0C-851D-46F1-83B5-9FBD8636FCDB}.Debug|Any CPU.ActiveCfg = Debug|Any CPU
		{EE43EC0C-851D-46F1-83B5-9FBD8636FCDB}.Debug|Any CPU.Build.0 = Debug|Any CPU
		{EE43EC0C-851D-46F1-83B5-9FBD8636FCDB}.Debug|ARM.ActiveCfg = Debug|Any CPU
		{EE43EC0C-851D-46F1-83B5-9FBD8636FCDB}.Debug|ARM.Build.0 = Debug|Any CPU
		{EE43EC0C-851D-46F1-83B5-9FBD8636FCDB}.Debug|ARM64.ActiveCfg = Debug|Any CPU
		{EE43EC0C-851D-46F1-83B5-9FBD8636FCDB}.Debug|ARM64.Build.0 = Debug|Any CPU
		{EE43EC0C-851D-46F1-83B5-9FBD8636FCDB}.Debug|x64.ActiveCfg = Debug|Any CPU
		{EE43EC0C-851D-46F1-83B5-9FBD8636FCDB}.Debug|x64.Build.0 = Debug|Any CPU
		{EE43EC0C-851D-46F1-83B5-9FBD8636FCDB}.Debug|x86.ActiveCfg = Debug|Any CPU
		{EE43EC0C-851D-46F1-83B5-9FBD8636FCDB}.Debug|x86.Build.0 = Debug|Any CPU
		{EE43EC0C-851D-46F1-83B5-9FBD8636FCDB}.Release|Any CPU.ActiveCfg = Release|Any CPU
		{EE43EC0C-851D-46F1-83B5-9FBD8636FCDB}.Release|Any CPU.Build.0 = Release|Any CPU
		{EE43EC0C-851D-46F1-83B5-9FBD8636FCDB}.Release|ARM.ActiveCfg = Release|Any CPU
		{EE43EC0C-851D-46F1-83B5-9FBD8636FCDB}.Release|ARM.Build.0 = Release|Any CPU
		{EE43EC0C-851D-46F1-83B5-9FBD8636FCDB}.Release|ARM64.ActiveCfg = Release|Any CPU
		{EE43EC0C-851D-46F1-83B5-9FBD8636FCDB}.Release|ARM64.Build.0 = Release|Any CPU
		{EE43EC0C-851D-46F1-83B5-9FBD8636FCDB}.Release|x64.ActiveCfg = Release|Any CPU
		{EE43EC0C-851D-46F1-83B5-9FBD8636FCDB}.Release|x64.Build.0 = Release|Any CPU
		{EE43EC0C-851D-46F1-83B5-9FBD8636FCDB}.Release|x86.ActiveCfg = Release|Any CPU
		{EE43EC0C-851D-46F1-83B5-9FBD8636FCDB}.Release|x86.Build.0 = Release|Any CPU
		{38B2E0C3-B708-4D5F-9ACB-240ED5D18A96}.Debug|Any CPU.ActiveCfg = Debug|Any CPU
		{38B2E0C3-B708-4D5F-9ACB-240ED5D18A96}.Debug|Any CPU.Build.0 = Debug|Any CPU
		{38B2E0C3-B708-4D5F-9ACB-240ED5D18A96}.Debug|ARM.ActiveCfg = Debug|Any CPU
		{38B2E0C3-B708-4D5F-9ACB-240ED5D18A96}.Debug|ARM.Build.0 = Debug|Any CPU
		{38B2E0C3-B708-4D5F-9ACB-240ED5D18A96}.Debug|ARM64.ActiveCfg = Debug|Any CPU
		{38B2E0C3-B708-4D5F-9ACB-240ED5D18A96}.Debug|ARM64.Build.0 = Debug|Any CPU
		{38B2E0C3-B708-4D5F-9ACB-240ED5D18A96}.Debug|x64.ActiveCfg = Debug|Any CPU
		{38B2E0C3-B708-4D5F-9ACB-240ED5D18A96}.Debug|x64.Build.0 = Debug|Any CPU
		{38B2E0C3-B708-4D5F-9ACB-240ED5D18A96}.Debug|x86.ActiveCfg = Debug|Any CPU
		{38B2E0C3-B708-4D5F-9ACB-240ED5D18A96}.Debug|x86.Build.0 = Debug|Any CPU
		{38B2E0C3-B708-4D5F-9ACB-240ED5D18A96}.Release|Any CPU.ActiveCfg = Release|Any CPU
		{38B2E0C3-B708-4D5F-9ACB-240ED5D18A96}.Release|Any CPU.Build.0 = Release|Any CPU
		{38B2E0C3-B708-4D5F-9ACB-240ED5D18A96}.Release|ARM.ActiveCfg = Release|Any CPU
		{38B2E0C3-B708-4D5F-9ACB-240ED5D18A96}.Release|ARM.Build.0 = Release|Any CPU
		{38B2E0C3-B708-4D5F-9ACB-240ED5D18A96}.Release|ARM64.ActiveCfg = Release|Any CPU
		{38B2E0C3-B708-4D5F-9ACB-240ED5D18A96}.Release|ARM64.Build.0 = Release|Any CPU
		{38B2E0C3-B708-4D5F-9ACB-240ED5D18A96}.Release|x64.ActiveCfg = Release|Any CPU
		{38B2E0C3-B708-4D5F-9ACB-240ED5D18A96}.Release|x64.Build.0 = Release|Any CPU
		{38B2E0C3-B708-4D5F-9ACB-240ED5D18A96}.Release|x86.ActiveCfg = Release|Any CPU
		{38B2E0C3-B708-4D5F-9ACB-240ED5D18A96}.Release|x86.Build.0 = Release|Any CPU
		{C2EDFF82-F268-4554-9FC0-0A395960D1C1}.Debug|Any CPU.ActiveCfg = Debug|Any CPU
		{C2EDFF82-F268-4554-9FC0-0A395960D1C1}.Debug|Any CPU.Build.0 = Debug|Any CPU
		{C2EDFF82-F268-4554-9FC0-0A395960D1C1}.Debug|ARM.ActiveCfg = Debug|Any CPU
		{C2EDFF82-F268-4554-9FC0-0A395960D1C1}.Debug|ARM.Build.0 = Debug|Any CPU
		{C2EDFF82-F268-4554-9FC0-0A395960D1C1}.Debug|ARM64.ActiveCfg = Debug|Any CPU
		{C2EDFF82-F268-4554-9FC0-0A395960D1C1}.Debug|ARM64.Build.0 = Debug|Any CPU
		{C2EDFF82-F268-4554-9FC0-0A395960D1C1}.Debug|x64.ActiveCfg = Debug|Any CPU
		{C2EDFF82-F268-4554-9FC0-0A395960D1C1}.Debug|x64.Build.0 = Debug|Any CPU
		{C2EDFF82-F268-4554-9FC0-0A395960D1C1}.Debug|x86.ActiveCfg = Debug|Any CPU
		{C2EDFF82-F268-4554-9FC0-0A395960D1C1}.Debug|x86.Build.0 = Debug|Any CPU
		{C2EDFF82-F268-4554-9FC0-0A395960D1C1}.Release|Any CPU.ActiveCfg = Release|Any CPU
		{C2EDFF82-F268-4554-9FC0-0A395960D1C1}.Release|Any CPU.Build.0 = Release|Any CPU
		{C2EDFF82-F268-4554-9FC0-0A395960D1C1}.Release|ARM.ActiveCfg = Release|Any CPU
		{C2EDFF82-F268-4554-9FC0-0A395960D1C1}.Release|ARM.Build.0 = Release|Any CPU
		{C2EDFF82-F268-4554-9FC0-0A395960D1C1}.Release|ARM64.ActiveCfg = Release|Any CPU
		{C2EDFF82-F268-4554-9FC0-0A395960D1C1}.Release|ARM64.Build.0 = Release|Any CPU
		{C2EDFF82-F268-4554-9FC0-0A395960D1C1}.Release|x64.ActiveCfg = Release|Any CPU
		{C2EDFF82-F268-4554-9FC0-0A395960D1C1}.Release|x64.Build.0 = Release|Any CPU
		{C2EDFF82-F268-4554-9FC0-0A395960D1C1}.Release|x86.ActiveCfg = Release|Any CPU
		{C2EDFF82-F268-4554-9FC0-0A395960D1C1}.Release|x86.Build.0 = Release|Any CPU
		{F6069DEA-868C-4C80-A14B-3138F21BA6CB}.Debug|Any CPU.ActiveCfg = Debug|Any CPU
		{F6069DEA-868C-4C80-A14B-3138F21BA6CB}.Debug|Any CPU.Build.0 = Debug|Any CPU
		{F6069DEA-868C-4C80-A14B-3138F21BA6CB}.Debug|ARM.ActiveCfg = Debug|Any CPU
		{F6069DEA-868C-4C80-A14B-3138F21BA6CB}.Debug|ARM.Build.0 = Debug|Any CPU
		{F6069DEA-868C-4C80-A14B-3138F21BA6CB}.Debug|ARM64.ActiveCfg = Debug|Any CPU
		{F6069DEA-868C-4C80-A14B-3138F21BA6CB}.Debug|ARM64.Build.0 = Debug|Any CPU
		{F6069DEA-868C-4C80-A14B-3138F21BA6CB}.Debug|x64.ActiveCfg = Debug|Any CPU
		{F6069DEA-868C-4C80-A14B-3138F21BA6CB}.Debug|x64.Build.0 = Debug|Any CPU
		{F6069DEA-868C-4C80-A14B-3138F21BA6CB}.Debug|x86.ActiveCfg = Debug|Any CPU
		{F6069DEA-868C-4C80-A14B-3138F21BA6CB}.Debug|x86.Build.0 = Debug|Any CPU
		{F6069DEA-868C-4C80-A14B-3138F21BA6CB}.Release|Any CPU.ActiveCfg = Release|Any CPU
		{F6069DEA-868C-4C80-A14B-3138F21BA6CB}.Release|Any CPU.Build.0 = Release|Any CPU
		{F6069DEA-868C-4C80-A14B-3138F21BA6CB}.Release|ARM.ActiveCfg = Release|Any CPU
		{F6069DEA-868C-4C80-A14B-3138F21BA6CB}.Release|ARM.Build.0 = Release|Any CPU
		{F6069DEA-868C-4C80-A14B-3138F21BA6CB}.Release|ARM64.ActiveCfg = Release|Any CPU
		{F6069DEA-868C-4C80-A14B-3138F21BA6CB}.Release|ARM64.Build.0 = Release|Any CPU
		{F6069DEA-868C-4C80-A14B-3138F21BA6CB}.Release|x64.ActiveCfg = Release|Any CPU
		{F6069DEA-868C-4C80-A14B-3138F21BA6CB}.Release|x64.Build.0 = Release|Any CPU
		{F6069DEA-868C-4C80-A14B-3138F21BA6CB}.Release|x86.ActiveCfg = Release|Any CPU
		{F6069DEA-868C-4C80-A14B-3138F21BA6CB}.Release|x86.Build.0 = Release|Any CPU
	EndGlobalSection
	GlobalSection(SolutionProperties) = preSolution
		HideSolutionNode = FALSE
	EndGlobalSection
	GlobalSection(ExtensibilityGlobals) = postSolution
		SolutionGuid = {D64AD905-3965-4094-9F60-DEFEA67E2F8B}
	EndGlobalSection
EndGlobal
