
Microsoft Visual Studio Solution File, Format Version 12.00
# Visual Studio Version 16
VisualStudioVersion = 16.0.30413.136
MinimumVisualStudioVersion = 10.0.40219.1
Project("{9A19103F-16F7-4668-BE54-9A1E7A4F7556}") = "C1_WriteLine", "C1_WriteLine\C1_WriteLine.csproj", "{67D6F8E9-4F42-4D07-A234-9A7888871783}"
EndProject
Project("{9A19103F-16F7-4668-BE54-9A1E7A4F7556}") = "C2_ReadLine", "C2_ReadLine\C2_ReadLine.csproj", "{3300223A-BC61-4E6C-A6E7-F6B1594DD395}"
EndProject
Project("{9A19103F-16F7-4668-BE54-9A1E7A4F7556}") = "C3_WithAClass", "C3_WithClass\C3_WithAClass.csproj", "{104DE3DE-F22C-44A2-8417-F5491A0F1C69}"
EndProject
Global
	GlobalSection(SolutionConfigurationPlatforms) = preSolution
		Debug|Any CPU = Debug|Any CPU
		Release|Any CPU = Release|Any CPU
	EndGlobalSection
	GlobalSection(ProjectConfigurationPlatforms) = postSolution
		{67D6F8E9-4F42-4D07-A234-9A7888871783}.Debug|Any CPU.ActiveCfg = Debug|Any CPU
		{67D6F8E9-4F42-4D07-A234-9A7888871783}.Debug|Any CPU.Build.0 = Debug|Any CPU
		{67D6F8E9-4F42-4D07-A234-9A7888871783}.Release|Any CPU.ActiveCfg = Release|Any CPU
		{67D6F8E9-4F42-4D07-A234-9A7888871783}.Release|Any CPU.Build.0 = Release|Any CPU
		{3300223A-BC61-4E6C-A6E7-F6B1594DD395}.Debug|Any CPU.ActiveCfg = Debug|Any CPU
		{3300223A-BC61-4E6C-A6E7-F6B1594DD395}.Debug|Any CPU.Build.0 = Debug|Any CPU
		{3300223A-BC61-4E6C-A6E7-F6B1594DD395}.Release|Any CPU.ActiveCfg = Release|Any CPU
		{3300223A-BC61-4E6C-A6E7-F6B1594DD395}.Release|Any CPU.Build.0 = Release|Any CPU
		{104DE3DE-F22C-44A2-8417-F5491A0F1C69}.Debug|Any CPU.ActiveCfg = Debug|Any CPU
		{104DE3DE-F22C-44A2-8417-F5491A0F1C69}.Debug|Any CPU.Build.0 = Debug|Any CPU
		{104DE3DE-F22C-44A2-8417-F5491A0F1C69}.Release|Any CPU.ActiveCfg = Release|Any CPU
		{104DE3DE-F22C-44A2-8417-F5491A0F1C69}.Release|Any CPU.Build.0 = Release|Any CPU
	EndGlobalSection
	GlobalSection(SolutionProperties) = preSolution
		HideSolutionNode = FALSE
	EndGlobalSection
	GlobalSection(ExtensibilityGlobals) = postSolution
		SolutionGuid = {D64AD905-3965-4094-9F60-DEFEA67E2F8B}
	EndGlobalSection
EndGlobal
