
Microsoft Visual Studio Solution File, Format Version 12.00
# Visual Studio Version 16
VisualStudioVersion = 16.0.30413.136
MinimumVisualStudioVersion = 10.0.40219.1
Project("{9A19103F-16F7-4668-BE54-9A1E7A4F7556}") = "C1_WriteLine", "C1_WriteLine\C1_WriteLine.csproj", "{67D6F8E9-4F42-4D07-A234-9A7888871783}"
EndProject
Project("{9A19103F-16F7-4668-BE54-9A1E7A4F7556}") = "C2_ReadLine", "C2_ReadLine\C2_ReadLine.csproj", "{3300223A-BC61-4E6C-A6E7-F6B1594DD395}"
EndProject
Project("{9A19103F-16F7-4668-BE54-9A1E7A4F7556}") = "C3_WithAClass", "C3_WithClass\C3_WithAClass.csproj", "{104DE3DE-F22C-44A2-8417-F5491A0F1C69}"
EndProject
Project("{9A19103F-16F7-4668-BE54-9A1E7A4F7556}") = "C4_WithMetods", "C4_WithMetods\C4_WithMetods.csproj", "{4351CA80-D6D7-4D31-B7F4-2E6A5A0766D5}"
EndProject
Project("{9A19103F-16F7-4668-BE54-9A1E7A4F7556}") = "C5_WithAgeCalculation", "C5_WithAgeCalculation\C5_WithAgeCalculation.csproj", "{E8D06013-AA88-4E80-8042-CF33211E26E9}"
EndProject
Project("{FAE04EC0-301F-11D3-BF4B-00C04F79EFBC}") = "C6_Get_Set", "C6_Get_Set\C6_Get_Set.csproj", "{EE6920CF-D097-48EE-9400-9AC499D189E9}"
EndProject
Project("{FAE04EC0-301F-11D3-BF4B-00C04F79EFBC}") = "C7_Get_Set_V2", "C7_Get_Set_V2\C7_Get_Set_V2.csproj", "{CBAF578F-2407-4076-B491-4B070961661B}"
EndProject
Project("{FAE04EC0-301F-11D3-BF4B-00C04F79EFBC}") = "C8_Arrays", "C8_Arrays\C8_Arrays.csproj", "{B130A801-6B23-46DF-AF58-404A4D675E55}"
EndProject
Project("{FAE04EC0-301F-11D3-BF4B-00C04F79EFBC}") = "C9_Listor", "C9_Listor\C9_Listor.csproj", "{C976D5CF-2F6C-4EEF-ADEF-2427E6E24271}"
EndProject
Project("{FAE04EC0-301F-11D3-BF4B-00C04F79EFBC}") = "C10_Struct", "C10_Struct\C10_Struct.csproj", "{35AB6526-EEDD-4881-8834-035C379DA9F6}"
EndProject
Project("{FAE04EC0-301F-11D3-BF4B-00C04F79EFBC}") = "C11_ Enum", "C11_ Enum\C11_ Enum.csproj", "{7BD81674-2035-4402-BDC0-AC5EA6907147}"
EndProject
Project("{FAE04EC0-301F-11D3-BF4B-00C04F79EFBC}") = "C12_Interfaces_1", "C12_Interfaces_1\C12_Interfaces_1.csproj", "{A90E0CE7-2200-4031-B687-BB3A2AC70BA5}"
EndProject
Project("{FAE04EC0-301F-11D3-BF4B-00C04F79EFBC}") = "C13_Interfaces_2", "C13_Interfaces_2\C13_Interfaces_2.csproj", "{0B401965-1EF3-4F8B-BC1D-3E3A7F10A4E9}"
EndProject
Project("{FAE04EC0-301F-11D3-BF4B-00C04F79EFBC}") = "C14_Abstract_1", "C14_Abstract_1\C14_Abstract_1.csproj", "{438D953F-647F-4073-8EF4-B66A06EB4982}"
EndProject
Project("{FAE04EC0-301F-11D3-BF4B-00C04F79EFBC}") = "C15_Abstract_2", "C15_Abstract_2\C15_Abstract_2.csproj", "{F32AA5EB-134F-43B7-8970-6695F10F930C}"
EndProject
Global
	GlobalSection(SolutionConfigurationPlatforms) = preSolution
		Debug|Any CPU = Debug|Any CPU
		Release|Any CPU = Release|Any CPU
	EndGlobalSection
	GlobalSection(ProjectConfigurationPlatforms) = postSolution
		{67D6F8E9-4F42-4D07-A234-9A7888871783}.Debug|Any CPU.ActiveCfg = Debug|Any CPU
		{67D6F8E9-4F42-4D07-A234-9A7888871783}.Debug|Any CPU.Build.0 = Debug|Any CPU
		{67D6F8E9-4F42-4D07-A234-9A7888871783}.Release|Any CPU.ActiveCfg = Release|Any CPU
		{67D6F8E9-4F42-4D07-A234-9A7888871783}.Release|Any CPU.Build.0 = Release|Any CPU
		{3300223A-BC61-4E6C-A6E7-F6B1594DD395}.Debug|Any CPU.ActiveCfg = Debug|Any CPU
		{3300223A-BC61-4E6C-A6E7-F6B1594DD395}.Debug|Any CPU.Build.0 = Debug|Any CPU
		{3300223A-BC61-4E6C-A6E7-F6B1594DD395}.Release|Any CPU.ActiveCfg = Release|Any CPU
		{3300223A-BC61-4E6C-A6E7-F6B1594DD395}.Release|Any CPU.Build.0 = Release|Any CPU
		{104DE3DE-F22C-44A2-8417-F5491A0F1C69}.Debug|Any CPU.ActiveCfg = Debug|Any CPU
		{104DE3DE-F22C-44A2-8417-F5491A0F1C69}.Debug|Any CPU.Build.0 = Debug|Any CPU
		{104DE3DE-F22C-44A2-8417-F5491A0F1C69}.Release|Any CPU.ActiveCfg = Release|Any CPU
		{104DE3DE-F22C-44A2-8417-F5491A0F1C69}.Release|Any CPU.Build.0 = Release|Any CPU
		{4351CA80-D6D7-4D31-B7F4-2E6A5A0766D5}.Debug|Any CPU.ActiveCfg = Debug|Any CPU
		{4351CA80-D6D7-4D31-B7F4-2E6A5A0766D5}.Debug|Any CPU.Build.0 = Debug|Any CPU
		{4351CA80-D6D7-4D31-B7F4-2E6A5A0766D5}.Release|Any CPU.ActiveCfg = Release|Any CPU
		{4351CA80-D6D7-4D31-B7F4-2E6A5A0766D5}.Release|Any CPU.Build.0 = Release|Any CPU
		{E8D06013-AA88-4E80-8042-CF33211E26E9}.Debug|Any CPU.ActiveCfg = Debug|Any CPU
		{E8D06013-AA88-4E80-8042-CF33211E26E9}.Debug|Any CPU.Build.0 = Debug|Any CPU
		{E8D06013-AA88-4E80-8042-CF33211E26E9}.Release|Any CPU.ActiveCfg = Release|Any CPU
		{E8D06013-AA88-4E80-8042-CF33211E26E9}.Release|Any CPU.Build.0 = Release|Any CPU
		{EE6920CF-D097-48EE-9400-9AC499D189E9}.Debug|Any CPU.ActiveCfg = Debug|Any CPU
		{EE6920CF-D097-48EE-9400-9AC499D189E9}.Debug|Any CPU.Build.0 = Debug|Any CPU
		{EE6920CF-D097-48EE-9400-9AC499D189E9}.Release|Any CPU.ActiveCfg = Release|Any CPU
		{EE6920CF-D097-48EE-9400-9AC499D189E9}.Release|Any CPU.Build.0 = Release|Any CPU
		{CBAF578F-2407-4076-B491-4B070961661B}.Debug|Any CPU.ActiveCfg = Debug|Any CPU
		{CBAF578F-2407-4076-B491-4B070961661B}.Debug|Any CPU.Build.0 = Debug|Any CPU
		{CBAF578F-2407-4076-B491-4B070961661B}.Release|Any CPU.ActiveCfg = Release|Any CPU
		{CBAF578F-2407-4076-B491-4B070961661B}.Release|Any CPU.Build.0 = Release|Any CPU
		{B130A801-6B23-46DF-AF58-404A4D675E55}.Debug|Any CPU.ActiveCfg = Debug|Any CPU
		{B130A801-6B23-46DF-AF58-404A4D675E55}.Debug|Any CPU.Build.0 = Debug|Any CPU
		{B130A801-6B23-46DF-AF58-404A4D675E55}.Release|Any CPU.ActiveCfg = Release|Any CPU
		{B130A801-6B23-46DF-AF58-404A4D675E55}.Release|Any CPU.Build.0 = Release|Any CPU
		{C976D5CF-2F6C-4EEF-ADEF-2427E6E24271}.Debug|Any CPU.ActiveCfg = Debug|Any CPU
		{C976D5CF-2F6C-4EEF-ADEF-2427E6E24271}.Debug|Any CPU.Build.0 = Debug|Any CPU
		{C976D5CF-2F6C-4EEF-ADEF-2427E6E24271}.Release|Any CPU.ActiveCfg = Release|Any CPU
		{C976D5CF-2F6C-4EEF-ADEF-2427E6E24271}.Release|Any CPU.Build.0 = Release|Any CPU
		{35AB6526-EEDD-4881-8834-035C379DA9F6}.Debug|Any CPU.ActiveCfg = Debug|Any CPU
		{35AB6526-EEDD-4881-8834-035C379DA9F6}.Debug|Any CPU.Build.0 = Debug|Any CPU
		{35AB6526-EEDD-4881-8834-035C379DA9F6}.Release|Any CPU.ActiveCfg = Release|Any CPU
		{35AB6526-EEDD-4881-8834-035C379DA9F6}.Release|Any CPU.Build.0 = Release|Any CPU
		{7BD81674-2035-4402-BDC0-AC5EA6907147}.Debug|Any CPU.ActiveCfg = Debug|Any CPU
		{7BD81674-2035-4402-BDC0-AC5EA6907147}.Debug|Any CPU.Build.0 = Debug|Any CPU
		{7BD81674-2035-4402-BDC0-AC5EA6907147}.Release|Any CPU.ActiveCfg = Release|Any CPU
		{7BD81674-2035-4402-BDC0-AC5EA6907147}.Release|Any CPU.Build.0 = Release|Any CPU
		{A90E0CE7-2200-4031-B687-BB3A2AC70BA5}.Debug|Any CPU.ActiveCfg = Debug|Any CPU
		{A90E0CE7-2200-4031-B687-BB3A2AC70BA5}.Debug|Any CPU.Build.0 = Debug|Any CPU
		{A90E0CE7-2200-4031-B687-BB3A2AC70BA5}.Release|Any CPU.ActiveCfg = Release|Any CPU
		{A90E0CE7-2200-4031-B687-BB3A2AC70BA5}.Release|Any CPU.Build.0 = Release|Any CPU
		{0B401965-1EF3-4F8B-BC1D-3E3A7F10A4E9}.Debug|Any CPU.ActiveCfg = Debug|Any CPU
		{0B401965-1EF3-4F8B-BC1D-3E3A7F10A4E9}.Debug|Any CPU.Build.0 = Debug|Any CPU
		{0B401965-1EF3-4F8B-BC1D-3E3A7F10A4E9}.Release|Any CPU.ActiveCfg = Release|Any CPU
		{0B401965-1EF3-4F8B-BC1D-3E3A7F10A4E9}.Release|Any CPU.Build.0 = Release|Any CPU
		{438D953F-647F-4073-8EF4-B66A06EB4982}.Debug|Any CPU.ActiveCfg = Debug|Any CPU
		{438D953F-647F-4073-8EF4-B66A06EB4982}.Debug|Any CPU.Build.0 = Debug|Any CPU
		{438D953F-647F-4073-8EF4-B66A06EB4982}.Release|Any CPU.ActiveCfg = Release|Any CPU
		{438D953F-647F-4073-8EF4-B66A06EB4982}.Release|Any CPU.Build.0 = Release|Any CPU
		{F32AA5EB-134F-43B7-8970-6695F10F930C}.Debug|Any CPU.ActiveCfg = Debug|Any CPU
		{F32AA5EB-134F-43B7-8970-6695F10F930C}.Debug|Any CPU.Build.0 = Debug|Any CPU
		{F32AA5EB-134F-43B7-8970-6695F10F930C}.Release|Any CPU.ActiveCfg = Release|Any CPU
		{F32AA5EB-134F-43B7-8970-6695F10F930C}.Release|Any CPU.Build.0 = Release|Any CPU
	EndGlobalSection
	GlobalSection(SolutionProperties) = preSolution
		HideSolutionNode = FALSE
	EndGlobalSection
	GlobalSection(ExtensibilityGlobals) = postSolution
		SolutionGuid = {D64AD905-3965-4094-9F60-DEFEA67E2F8B}
	EndGlobalSection
EndGlobal
